// !$*UTF8*$!
{
	archiveVersion = 1;
	classes = {
	};
	objectVersion = 56;
	objects = {

/* Begin PBXBuildFile section */
		6049A2D42A269874009FF525 /* AppDelegate.swift in Sources */ = {isa = PBXBuildFile; fileRef = 6049A2D32A269874009FF525 /* AppDelegate.swift */; };
		6049A2D62A269874009FF525 /* SceneDelegate.swift in Sources */ = {isa = PBXBuildFile; fileRef = 6049A2D52A269874009FF525 /* SceneDelegate.swift */; };
		6049A2D82A269874009FF525 /* HomeController.swift in Sources */ = {isa = PBXBuildFile; fileRef = 6049A2D72A269874009FF525 /* HomeController.swift */; };
		6049A2DD2A269875009FF525 /* Assets.xcassets in Resources */ = {isa = PBXBuildFile; fileRef = 6049A2DC2A269875009FF525 /* Assets.xcassets */; };
		6049A2E02A269875009FF525 /* LaunchScreen.storyboard in Resources */ = {isa = PBXBuildFile; fileRef = 6049A2DE2A269875009FF525 /* LaunchScreen.storyboard */; };
		6049A2F22A26A078009FF525 /* HelpController.swift in Sources */ = {isa = PBXBuildFile; fileRef = 6049A2F12A26A078009FF525 /* HelpController.swift */; };
		6049A2F72A26AA1E009FF525 /* InfoController.swift in Sources */ = {isa = PBXBuildFile; fileRef = 6049A2F62A26AA1E009FF525 /* InfoController.swift */; };
		605314E92A27DA8500F42097 /* LoginController.swift in Sources */ = {isa = PBXBuildFile; fileRef = 605314E82A27DA8500F42097 /* LoginController.swift */; };
		605314EC2A27DBB200F42097 /* RegisterController.swift in Sources */ = {isa = PBXBuildFile; fileRef = 605314EB2A27DBB200F42097 /* RegisterController.swift */; };
		605314F02A27DDAB00F42097 /* Constant.swift in Sources */ = {isa = PBXBuildFile; fileRef = 605314EF2A27DDAB00F42097 /* Constant.swift */; };
		605314F32A27DE8500F42097 /* FirebaseAuth in Frameworks */ = {isa = PBXBuildFile; productRef = 605314F22A27DE8500F42097 /* FirebaseAuth */; };
		605314F52A27DE8500F42097 /* FirebaseDatabase in Frameworks */ = {isa = PBXBuildFile; productRef = 605314F42A27DE8500F42097 /* FirebaseDatabase */; };
		605314F72A27DE8500F42097 /* FirebaseFirestore in Frameworks */ = {isa = PBXBuildFile; productRef = 605314F62A27DE8500F42097 /* FirebaseFirestore */; };
		605314F92A27DE8500F42097 /* FirebaseStorage in Frameworks */ = {isa = PBXBuildFile; productRef = 605314F82A27DE8500F42097 /* FirebaseStorage */; };
		605314FC2A27DF5A00F42097 /* AuthenticationService.swift in Sources */ = {isa = PBXBuildFile; fileRef = 605314FB2A27DF5A00F42097 /* AuthenticationService.swift */; };
		605314FE2A27E01E00F42097 /* GoogleService-Info.plist in Resources */ = {isa = PBXBuildFile; fileRef = 605314FD2A27E01E00F42097 /* GoogleService-Info.plist */; };
		605315012A27E0DF00F42097 /* Alert.swift in Sources */ = {isa = PBXBuildFile; fileRef = 605315002A27E0DF00F42097 /* Alert.swift */; };
		605315042A27E29900F42097 /* GetHelpController.swift in Sources */ = {isa = PBXBuildFile; fileRef = 605315032A27E29900F42097 /* GetHelpController.swift */; };
		605315072A27E45600F42097 /* HelpListController.swift in Sources */ = {isa = PBXBuildFile; fileRef = 605315062A27E45600F42097 /* HelpListController.swift */; };
		6053150A2A27EDA400F42097 /* HelpService.swift in Sources */ = {isa = PBXBuildFile; fileRef = 605315092A27EDA400F42097 /* HelpService.swift */; };
		6053150D2A27EDE600F42097 /* User.swift in Sources */ = {isa = PBXBuildFile; fileRef = 6053150C2A27EDE600F42097 /* User.swift */; };
		6088D7DA2A2959F900382245 /* UserService.swift in Sources */ = {isa = PBXBuildFile; fileRef = 6088D7D92A2959F900382245 /* UserService.swift */; };
		6088D7DC2A296D4A00382245 /* Help.swift in Sources */ = {isa = PBXBuildFile; fileRef = 6088D7DB2A296D4A00382245 /* Help.swift */; };
		6088D7DF2A296E2400382245 /* HelpCellList.swift in Sources */ = {isa = PBXBuildFile; fileRef = 6088D7DE2A296E2400382245 /* HelpCellList.swift */; };
		60A243EB2A2D52B000C4735E /* NeedHelpCellList.swift in Sources */ = {isa = PBXBuildFile; fileRef = 60A243EA2A2D52B000C4735E /* NeedHelpCellList.swift */; };
		60A243F12A2D6FF600C4735E /* HelpViewModel.swift in Sources */ = {isa = PBXBuildFile; fileRef = 60A243F02A2D6FF600C4735E /* HelpViewModel.swift */; };
		60A243F42A2D760800C4735E /* GetHelpViewModel.swift in Sources */ = {isa = PBXBuildFile; fileRef = 60A243F32A2D760800C4735E /* GetHelpViewModel.swift */; };
		60F7247A2A2A61E6005143B6 /* ListTabbarController.swift in Sources */ = {isa = PBXBuildFile; fileRef = 60F724792A2A61E6005143B6 /* ListTabbarController.swift */; };
		60F7247C2A2A6224005143B6 /* NeedHelpListController.swift in Sources */ = {isa = PBXBuildFile; fileRef = 60F7247B2A2A6224005143B6 /* NeedHelpListController.swift */; };
/* End PBXBuildFile section */

/* Begin PBXFileReference section */
		6049A2D02A269874009FF525 /* Afet.app */ = {isa = PBXFileReference; explicitFileType = wrapper.application; includeInIndex = 0; path = Afet.app; sourceTree = BUILT_PRODUCTS_DIR; };
		6049A2D32A269874009FF525 /* AppDelegate.swift */ = {isa = PBXFileReference; lastKnownFileType = sourcecode.swift; path = AppDelegate.swift; sourceTree = "<group>"; };
		6049A2D52A269874009FF525 /* SceneDelegate.swift */ = {isa = PBXFileReference; lastKnownFileType = sourcecode.swift; path = SceneDelegate.swift; sourceTree = "<group>"; };
		6049A2D72A269874009FF525 /* HomeController.swift */ = {isa = PBXFileReference; lastKnownFileType = sourcecode.swift; path = HomeController.swift; sourceTree = "<group>"; };
		6049A2DC2A269875009FF525 /* Assets.xcassets */ = {isa = PBXFileReference; lastKnownFileType = folder.assetcatalog; path = Assets.xcassets; sourceTree = "<group>"; };
		6049A2DF2A269875009FF525 /* Base */ = {isa = PBXFileReference; lastKnownFileType = file.storyboard; name = Base; path = Base.lproj/LaunchScreen.storyboard; sourceTree = "<group>"; };
		6049A2E12A269875009FF525 /* Info.plist */ = {isa = PBXFileReference; lastKnownFileType = text.plist.xml; path = Info.plist; sourceTree = "<group>"; };
		6049A2F12A26A078009FF525 /* HelpController.swift */ = {isa = PBXFileReference; lastKnownFileType = sourcecode.swift; path = HelpController.swift; sourceTree = "<group>"; };
		6049A2F62A26AA1E009FF525 /* InfoController.swift */ = {isa = PBXFileReference; lastKnownFileType = sourcecode.swift; path = InfoController.swift; sourceTree = "<group>"; };
		605314E82A27DA8500F42097 /* LoginController.swift */ = {isa = PBXFileReference; lastKnownFileType = sourcecode.swift; path = LoginController.swift; sourceTree = "<group>"; };
		605314EB2A27DBB200F42097 /* RegisterController.swift */ = {isa = PBXFileReference; lastKnownFileType = sourcecode.swift; path = RegisterController.swift; sourceTree = "<group>"; };
		605314EF2A27DDAB00F42097 /* Constant.swift */ = {isa = PBXFileReference; lastKnownFileType = sourcecode.swift; path = Constant.swift; sourceTree = "<group>"; };
		605314FB2A27DF5A00F42097 /* AuthenticationService.swift */ = {isa = PBXFileReference; lastKnownFileType = sourcecode.swift; path = AuthenticationService.swift; sourceTree = "<group>"; };
		605314FD2A27E01E00F42097 /* GoogleService-Info.plist */ = {isa = PBXFileReference; fileEncoding = 4; lastKnownFileType = text.plist.xml; path = "GoogleService-Info.plist"; sourceTree = "<group>"; };
		605315002A27E0DF00F42097 /* Alert.swift */ = {isa = PBXFileReference; lastKnownFileType = sourcecode.swift; path = Alert.swift; sourceTree = "<group>"; };
		605315032A27E29900F42097 /* GetHelpController.swift */ = {isa = PBXFileReference; lastKnownFileType = sourcecode.swift; path = GetHelpController.swift; sourceTree = "<group>"; };
		605315062A27E45600F42097 /* HelpListController.swift */ = {isa = PBXFileReference; lastKnownFileType = sourcecode.swift; path = HelpListController.swift; sourceTree = "<group>"; };
		605315092A27EDA400F42097 /* HelpService.swift */ = {isa = PBXFileReference; lastKnownFileType = sourcecode.swift; path = HelpService.swift; sourceTree = "<group>"; };
		6053150C2A27EDE600F42097 /* User.swift */ = {isa = PBXFileReference; lastKnownFileType = sourcecode.swift; path = User.swift; sourceTree = "<group>"; };
		6088D7D92A2959F900382245 /* UserService.swift */ = {isa = PBXFileReference; lastKnownFileType = sourcecode.swift; path = UserService.swift; sourceTree = "<group>"; };
		6088D7DB2A296D4A00382245 /* Help.swift */ = {isa = PBXFileReference; lastKnownFileType = sourcecode.swift; path = Help.swift; sourceTree = "<group>"; };
		6088D7DE2A296E2400382245 /* HelpCellList.swift */ = {isa = PBXFileReference; lastKnownFileType = sourcecode.swift; path = HelpCellList.swift; sourceTree = "<group>"; };
		60A243EA2A2D52B000C4735E /* NeedHelpCellList.swift */ = {isa = PBXFileReference; lastKnownFileType = sourcecode.swift; path = NeedHelpCellList.swift; sourceTree = "<group>"; };
		60A243F02A2D6FF600C4735E /* HelpViewModel.swift */ = {isa = PBXFileReference; lastKnownFileType = sourcecode.swift; path = HelpViewModel.swift; sourceTree = "<group>"; };
		60A243F32A2D760800C4735E /* GetHelpViewModel.swift */ = {isa = PBXFileReference; lastKnownFileType = sourcecode.swift; path = GetHelpViewModel.swift; sourceTree = "<group>"; };
		60F724792A2A61E6005143B6 /* ListTabbarController.swift */ = {isa = PBXFileReference; lastKnownFileType = sourcecode.swift; path = ListTabbarController.swift; sourceTree = "<group>"; };
		60F7247B2A2A6224005143B6 /* NeedHelpListController.swift */ = {isa = PBXFileReference; lastKnownFileType = sourcecode.swift; path = NeedHelpListController.swift; sourceTree = "<group>"; };
/* End PBXFileReference section */

/* Begin PBXFrameworksBuildPhase section */
		6049A2CD2A269874009FF525 /* Frameworks */ = {
			isa = PBXFrameworksBuildPhase;
			buildActionMask = 2147483647;
			files = (
				605314F52A27DE8500F42097 /* FirebaseDatabase in Frameworks */,
				605314F92A27DE8500F42097 /* FirebaseStorage in Frameworks */,
				605314F32A27DE8500F42097 /* FirebaseAuth in Frameworks */,
				605314F72A27DE8500F42097 /* FirebaseFirestore in Frameworks */,
			);
			runOnlyForDeploymentPostprocessing = 0;
		};
/* End PBXFrameworksBuildPhase section */

/* Begin PBXGroup section */
		6049A2C72A269874009FF525 = {
			isa = PBXGroup;
			children = (
				6049A2D22A269874009FF525 /* Afet */,
				6049A2D12A269874009FF525 /* Products */,
			);
			sourceTree = "<group>";
		};
		6049A2D12A269874009FF525 /* Products */ = {
			isa = PBXGroup;
			children = (
				6049A2D02A269874009FF525 /* Afet.app */,
			);
			name = Products;
			sourceTree = "<group>";
		};
		6049A2D22A269874009FF525 /* Afet */ = {
			isa = PBXGroup;
			children = (
				6053150B2A27EDE200F42097 /* Model */,
				605314FF2A27E0D900F42097 /* Helper */,
				605314EE2A27DD1900F42097 /* Constant */,
				605314ED2A27DCE400F42097 /* Service */,
				6049A2EF2A26A034009FF525 /* Scene */,
				6049A2E82A269B62009FF525 /* Screen */,
				6049A2E72A269B55009FF525 /* Sources */,
				6049A2E12A269875009FF525 /* Info.plist */,
				605314FD2A27E01E00F42097 /* GoogleService-Info.plist */,
			);
			path = Afet;
			sourceTree = "<group>";
		};
		6049A2E72A269B55009FF525 /* Sources */ = {
			isa = PBXGroup;
			children = (
				6049A2D52A269874009FF525 /* SceneDelegate.swift */,
				6049A2D32A269874009FF525 /* AppDelegate.swift */,
			);
			path = Sources;
			sourceTree = "<group>";
		};
		6049A2E82A269B62009FF525 /* Screen */ = {
			isa = PBXGroup;
			children = (
				60F724782A2A61D1005143B6 /* ListTab */,
				605315052A27E44D00F42097 /* HelpList */,
				605315022A27E28C00F42097 /* GetHelp */,
				605314EA2A27DBAB00F42097 /* Register */,
				605314E72A27DA7D00F42097 /* Login */,
				6049A2F52A26AA10009FF525 /* Info */,
				6049A2F02A26A070009FF525 /* Help */,
				6049A2EB2A269B79009FF525 /* Home */,
			);
			path = Screen;
			sourceTree = "<group>";
		};
		6049A2EB2A269B79009FF525 /* Home */ = {
			isa = PBXGroup;
			children = (
				6049A2D72A269874009FF525 /* HomeController.swift */,
			);
			path = Home;
			sourceTree = "<group>";
		};
		6049A2EF2A26A034009FF525 /* Scene */ = {
			isa = PBXGroup;
			children = (
				6049A2DC2A269875009FF525 /* Assets.xcassets */,
				6049A2DE2A269875009FF525 /* LaunchScreen.storyboard */,
			);
			path = Scene;
			sourceTree = "<group>";
		};
		6049A2F02A26A070009FF525 /* Help */ = {
			isa = PBXGroup;
			children = (
				60A243EF2A2D6FED00C4735E /* ViewModel */,
				6049A2F12A26A078009FF525 /* HelpController.swift */,
			);
			path = Help;
			sourceTree = "<group>";
		};
		6049A2F52A26AA10009FF525 /* Info */ = {
			isa = PBXGroup;
			children = (
				6049A2F62A26AA1E009FF525 /* InfoController.swift */,
			);
			path = Info;
			sourceTree = "<group>";
		};
		605314E72A27DA7D00F42097 /* Login */ = {
			isa = PBXGroup;
			children = (
				605314E82A27DA8500F42097 /* LoginController.swift */,
			);
			path = Login;
			sourceTree = "<group>";
		};
		605314EA2A27DBAB00F42097 /* Register */ = {
			isa = PBXGroup;
			children = (
				605314EB2A27DBB200F42097 /* RegisterController.swift */,
			);
			path = Register;
			sourceTree = "<group>";
		};
		605314ED2A27DCE400F42097 /* Service */ = {
			isa = PBXGroup;
			children = (
				6088D7D82A2959F000382245 /* UserService */,
				605315082A27ED9100F42097 /* HelpService */,
				605314FA2A27DF3900F42097 /* AuthenticationService */,
			);
			path = Service;
			sourceTree = "<group>";
		};
		605314EE2A27DD1900F42097 /* Constant */ = {
			isa = PBXGroup;
			children = (
				605314EF2A27DDAB00F42097 /* Constant.swift */,
			);
			path = Constant;
			sourceTree = "<group>";
		};
		605314FA2A27DF3900F42097 /* AuthenticationService */ = {
			isa = PBXGroup;
			children = (
				605314FB2A27DF5A00F42097 /* AuthenticationService.swift */,
			);
			path = AuthenticationService;
			sourceTree = "<group>";
		};
		605314FF2A27E0D900F42097 /* Helper */ = {
			isa = PBXGroup;
			children = (
				605315002A27E0DF00F42097 /* Alert.swift */,
			);
			path = Helper;
			sourceTree = "<group>";
		};
		605315022A27E28C00F42097 /* GetHelp */ = {
			isa = PBXGroup;
			children = (
				60A243F22A2D75FE00C4735E /* ViewModel */,
				605315032A27E29900F42097 /* GetHelpController.swift */,
			);
			path = GetHelp;
			sourceTree = "<group>";
		};
		605315052A27E44D00F42097 /* HelpList */ = {
			isa = PBXGroup;
			children = (
				6088D7DD2A296E1000382245 /* Cell */,
				605315062A27E45600F42097 /* HelpListController.swift */,
				60F7247B2A2A6224005143B6 /* NeedHelpListController.swift */,
			);
			path = HelpList;
			sourceTree = "<group>";
		};
		605315082A27ED9100F42097 /* HelpService */ = {
			isa = PBXGroup;
			children = (
				605315092A27EDA400F42097 /* HelpService.swift */,
			);
			path = HelpService;
			sourceTree = "<group>";
		};
		6053150B2A27EDE200F42097 /* Model */ = {
			isa = PBXGroup;
			children = (
				6053150C2A27EDE600F42097 /* User.swift */,
				6088D7DB2A296D4A00382245 /* Help.swift */,
			);
			path = Model;
			sourceTree = "<group>";
		};
		6088D7D82A2959F000382245 /* UserService */ = {
			isa = PBXGroup;
			children = (
				6088D7D92A2959F900382245 /* UserService.swift */,
			);
			path = UserService;
			sourceTree = "<group>";
		};
		6088D7DD2A296E1000382245 /* Cell */ = {
			isa = PBXGroup;
			children = (
				6088D7DE2A296E2400382245 /* HelpCellList.swift */,
				60A243EA2A2D52B000C4735E /* NeedHelpCellList.swift */,
			);
			path = Cell;
			sourceTree = "<group>";
		};
		60A243EF2A2D6FED00C4735E /* ViewModel */ = {
			isa = PBXGroup;
			children = (
				60A243F02A2D6FF600C4735E /* HelpViewModel.swift */,
			);
			path = ViewModel;
			sourceTree = "<group>";
		};
		60A243F22A2D75FE00C4735E /* ViewModel */ = {
			isa = PBXGroup;
			children = (
				60A243F32A2D760800C4735E /* GetHelpViewModel.swift */,
			);
			path = ViewModel;
			sourceTree = "<group>";
		};
		60F724782A2A61D1005143B6 /* ListTab */ = {
			isa = PBXGroup;
			children = (
				60F724792A2A61E6005143B6 /* ListTabbarController.swift */,
			);
			path = ListTab;
			sourceTree = "<group>";
		};
/* End PBXGroup section */

/* Begin PBXNativeTarget section */
		6049A2CF2A269874009FF525 /* Afet */ = {
			isa = PBXNativeTarget;
			buildConfigurationList = 6049A2E42A269875009FF525 /* Build configuration list for PBXNativeTarget "Afet" */;
			buildPhases = (
				6049A2CC2A269874009FF525 /* Sources */,
				6049A2CD2A269874009FF525 /* Frameworks */,
				6049A2CE2A269874009FF525 /* Resources */,
			);
			buildRules = (
			);
			dependencies = (
			);
			name = Afet;
			packageProductDependencies = (
				605314F22A27DE8500F42097 /* FirebaseAuth */,
				605314F42A27DE8500F42097 /* FirebaseDatabase */,
				605314F62A27DE8500F42097 /* FirebaseFirestore */,
				605314F82A27DE8500F42097 /* FirebaseStorage */,
			);
			productName = Afet;
			productReference = 6049A2D02A269874009FF525 /* Afet.app */;
			productType = "com.apple.product-type.application";
		};
/* End PBXNativeTarget section */

/* Begin PBXProject section */
		6049A2C82A269874009FF525 /* Project object */ = {
			isa = PBXProject;
			attributes = {
				BuildIndependentTargetsInParallel = 1;
				LastSwiftUpdateCheck = 1430;
				LastUpgradeCheck = 1430;
				TargetAttributes = {
					6049A2CF2A269874009FF525 = {
						CreatedOnToolsVersion = 14.3;
					};
				};
			};
			buildConfigurationList = 6049A2CB2A269874009FF525 /* Build configuration list for PBXProject "Afet" */;
			compatibilityVersion = "Xcode 14.0";
			developmentRegion = en;
			hasScannedForEncodings = 0;
			knownRegions = (
				en,
				Base,
			);
			mainGroup = 6049A2C72A269874009FF525;
			packageReferences = (
				605314F12A27DE8500F42097 /* XCRemoteSwiftPackageReference "firebase-ios-sdk" */,
			);
			productRefGroup = 6049A2D12A269874009FF525 /* Products */;
			projectDirPath = "";
			projectRoot = "";
			targets = (
				6049A2CF2A269874009FF525 /* Afet */,
			);
		};
/* End PBXProject section */

/* Begin PBXResourcesBuildPhase section */
		6049A2CE2A269874009FF525 /* Resources */ = {
			isa = PBXResourcesBuildPhase;
			buildActionMask = 2147483647;
			files = (
				6049A2E02A269875009FF525 /* LaunchScreen.storyboard in Resources */,
				6049A2DD2A269875009FF525 /* Assets.xcassets in Resources */,
				605314FE2A27E01E00F42097 /* GoogleService-Info.plist in Resources */,
			);
			runOnlyForDeploymentPostprocessing = 0;
		};
/* End PBXResourcesBuildPhase section */

/* Begin PBXSourcesBuildPhase section */
		6049A2CC2A269874009FF525 /* Sources */ = {
			isa = PBXSourcesBuildPhase;
			buildActionMask = 2147483647;
			files = (
				6053150D2A27EDE600F42097 /* User.swift in Sources */,
				605315072A27E45600F42097 /* HelpListController.swift in Sources */,
				6049A2F22A26A078009FF525 /* HelpController.swift in Sources */,
				605315042A27E29900F42097 /* GetHelpController.swift in Sources */,
				605314E92A27DA8500F42097 /* LoginController.swift in Sources */,
				6088D7DF2A296E2400382245 /* HelpCellList.swift in Sources */,
				6049A2D82A269874009FF525 /* HomeController.swift in Sources */,
				605314FC2A27DF5A00F42097 /* AuthenticationService.swift in Sources */,
				60A243F42A2D760800C4735E /* GetHelpViewModel.swift in Sources */,
				605314F02A27DDAB00F42097 /* Constant.swift in Sources */,
				60F7247A2A2A61E6005143B6 /* ListTabbarController.swift in Sources */,
				60A243F12A2D6FF600C4735E /* HelpViewModel.swift in Sources */,
				6053150A2A27EDA400F42097 /* HelpService.swift in Sources */,
				60F7247C2A2A6224005143B6 /* NeedHelpListController.swift in Sources */,
				605314EC2A27DBB200F42097 /* RegisterController.swift in Sources */,
				6049A2D42A269874009FF525 /* AppDelegate.swift in Sources */,
				6088D7DA2A2959F900382245 /* UserService.swift in Sources */,
				6049A2D62A269874009FF525 /* SceneDelegate.swift in Sources */,
				605315012A27E0DF00F42097 /* Alert.swift in Sources */,
				6088D7DC2A296D4A00382245 /* Help.swift in Sources */,
				60A243EB2A2D52B000C4735E /* NeedHelpCellList.swift in Sources */,
				6049A2F72A26AA1E009FF525 /* InfoController.swift in Sources */,
			);
			runOnlyForDeploymentPostprocessing = 0;
		};
/* End PBXSourcesBuildPhase section */

/* Begin PBXVariantGroup section */
		6049A2DE2A269875009FF525 /* LaunchScreen.storyboard */ = {
			isa = PBXVariantGroup;
			children = (
				6049A2DF2A269875009FF525 /* Base */,
			);
			name = LaunchScreen.storyboard;
			sourceTree = "<group>";
		};
/* End PBXVariantGroup section */

/* Begin XCBuildConfiguration section */
		6049A2E22A269875009FF525 /* Debug */ = {
			isa = XCBuildConfiguration;
			buildSettings = {
				ALWAYS_SEARCH_USER_PATHS = NO;
				CLANG_ANALYZER_NONNULL = YES;
				CLANG_ANALYZER_NUMBER_OBJECT_CONVERSION = YES_AGGRESSIVE;
				CLANG_CXX_LANGUAGE_STANDARD = "gnu++20";
				CLANG_ENABLE_MODULES = YES;
				CLANG_ENABLE_OBJC_ARC = YES;
				CLANG_ENABLE_OBJC_WEAK = YES;
				CLANG_WARN_BLOCK_CAPTURE_AUTORELEASING = YES;
				CLANG_WARN_BOOL_CONVERSION = YES;
				CLANG_WARN_COMMA = YES;
				CLANG_WARN_CONSTANT_CONVERSION = YES;
				CLANG_WARN_DEPRECATED_OBJC_IMPLEMENTATIONS = YES;
				CLANG_WARN_DIRECT_OBJC_ISA_USAGE = YES_ERROR;
				CLANG_WARN_DOCUMENTATION_COMMENTS = YES;
				CLANG_WARN_EMPTY_BODY = YES;
				CLANG_WARN_ENUM_CONVERSION = YES;
				CLANG_WARN_INFINITE_RECURSION = YES;
				CLANG_WARN_INT_CONVERSION = YES;
				CLANG_WARN_NON_LITERAL_NULL_CONVERSION = YES;
				CLANG_WARN_OBJC_IMPLICIT_RETAIN_SELF = YES;
				CLANG_WARN_OBJC_LITERAL_CONVERSION = YES;
				CLANG_WARN_OBJC_ROOT_CLASS = YES_ERROR;
				CLANG_WARN_QUOTED_INCLUDE_IN_FRAMEWORK_HEADER = YES;
				CLANG_WARN_RANGE_LOOP_ANALYSIS = YES;
				CLANG_WARN_STRICT_PROTOTYPES = YES;
				CLANG_WARN_SUSPICIOUS_MOVE = YES;
				CLANG_WARN_UNGUARDED_AVAILABILITY = YES_AGGRESSIVE;
				CLANG_WARN_UNREACHABLE_CODE = YES;
				CLANG_WARN__DUPLICATE_METHOD_MATCH = YES;
				COPY_PHASE_STRIP = NO;
				DEBUG_INFORMATION_FORMAT = dwarf;
				ENABLE_STRICT_OBJC_MSGSEND = YES;
				ENABLE_TESTABILITY = YES;
				GCC_C_LANGUAGE_STANDARD = gnu11;
				GCC_DYNAMIC_NO_PIC = NO;
				GCC_NO_COMMON_BLOCKS = YES;
				GCC_OPTIMIZATION_LEVEL = 0;
				GCC_PREPROCESSOR_DEFINITIONS = (
					"DEBUG=1",
					"$(inherited)",
				);
				GCC_WARN_64_TO_32_BIT_CONVERSION = YES;
				GCC_WARN_ABOUT_RETURN_TYPE = YES_ERROR;
				GCC_WARN_UNDECLARED_SELECTOR = YES;
				GCC_WARN_UNINITIALIZED_AUTOS = YES_AGGRESSIVE;
				GCC_WARN_UNUSED_FUNCTION = YES;
				GCC_WARN_UNUSED_VARIABLE = YES;
				"INFOPLIST_KEY_UIUserInterfaceStyle[sdk=*]" = Light;
				IPHONEOS_DEPLOYMENT_TARGET = 16.4;
				MTL_ENABLE_DEBUG_INFO = INCLUDE_SOURCE;
				MTL_FAST_MATH = YES;
				ONLY_ACTIVE_ARCH = YES;
				SDKROOT = iphoneos;
				SWIFT_ACTIVE_COMPILATION_CONDITIONS = DEBUG;
				SWIFT_OPTIMIZATION_LEVEL = "-Onone";
			};
			name = Debug;
		};
		6049A2E32A269875009FF525 /* Release */ = {
			isa = XCBuildConfiguration;
			buildSettings = {
				ALWAYS_SEARCH_USER_PATHS = NO;
				CLANG_ANALYZER_NONNULL = YES;
				CLANG_ANALYZER_NUMBER_OBJECT_CONVERSION = YES_AGGRESSIVE;
				CLANG_CXX_LANGUAGE_STANDARD = "gnu++20";
				CLANG_ENABLE_MODULES = YES;
				CLANG_ENABLE_OBJC_ARC = YES;
				CLANG_ENABLE_OBJC_WEAK = YES;
				CLANG_WARN_BLOCK_CAPTURE_AUTORELEASING = YES;
				CLANG_WARN_BOOL_CONVERSION = YES;
				CLANG_WARN_COMMA = YES;
				CLANG_WARN_CONSTANT_CONVERSION = YES;
				CLANG_WARN_DEPRECATED_OBJC_IMPLEMENTATIONS = YES;
				CLANG_WARN_DIRECT_OBJC_ISA_USAGE = YES_ERROR;
				CLANG_WARN_DOCUMENTATION_COMMENTS = YES;
				CLANG_WARN_EMPTY_BODY = YES;
				CLANG_WARN_ENUM_CONVERSION = YES;
				CLANG_WARN_INFINITE_RECURSION = YES;
				CLANG_WARN_INT_CONVERSION = YES;
				CLANG_WARN_NON_LITERAL_NULL_CONVERSION = YES;
				CLANG_WARN_OBJC_IMPLICIT_RETAIN_SELF = YES;
				CLANG_WARN_OBJC_LITERAL_CONVERSION = YES;
				CLANG_WARN_OBJC_ROOT_CLASS = YES_ERROR;
				CLANG_WARN_QUOTED_INCLUDE_IN_FRAMEWORK_HEADER = YES;
				CLANG_WARN_RANGE_LOOP_ANALYSIS = YES;
				CLANG_WARN_STRICT_PROTOTYPES = YES;
				CLANG_WARN_SUSPICIOUS_MOVE = YES;
				CLANG_WARN_UNGUARDED_AVAILABILITY = YES_AGGRESSIVE;
				CLANG_WARN_UNREACHABLE_CODE = YES;
				CLANG_WARN__DUPLICATE_METHOD_MATCH = YES;
				COPY_PHASE_STRIP = NO;
				DEBUG_INFORMATION_FORMAT = "dwarf-with-dsym";
				ENABLE_NS_ASSERTIONS = NO;
				ENABLE_STRICT_OBJC_MSGSEND = YES;
				GCC_C_LANGUAGE_STANDARD = gnu11;
				GCC_NO_COMMON_BLOCKS = YES;
				GCC_WARN_64_TO_32_BIT_CONVERSION = YES;
				GCC_WARN_ABOUT_RETURN_TYPE = YES_ERROR;
				GCC_WARN_UNDECLARED_SELECTOR = YES;
				GCC_WARN_UNINITIALIZED_AUTOS = YES_AGGRESSIVE;
				GCC_WARN_UNUSED_FUNCTION = YES;
				GCC_WARN_UNUSED_VARIABLE = YES;
				IPHONEOS_DEPLOYMENT_TARGET = 16.4;
				MTL_ENABLE_DEBUG_INFO = NO;
				MTL_FAST_MATH = YES;
				SDKROOT = iphoneos;
				SWIFT_COMPILATION_MODE = wholemodule;
				SWIFT_OPTIMIZATION_LEVEL = "-O";
				VALIDATE_PRODUCT = YES;
			};
			name = Release;
		};
		6049A2E52A269875009FF525 /* Debug */ = {
			isa = XCBuildConfiguration;
			buildSettings = {
				ASSETCATALOG_COMPILER_APPICON_NAME = AppIcon;
				ASSETCATALOG_COMPILER_GLOBAL_ACCENT_COLOR_NAME = AccentColor;
				CODE_SIGN_STYLE = Automatic;
				CURRENT_PROJECT_VERSION = 1;
				DEVELOPMENT_TEAM = WL3K4A7DH8;
				GENERATE_INFOPLIST_FILE = YES;
				INFOPLIST_FILE = Afet/Info.plist;
				INFOPLIST_KEY_UIApplicationSupportsIndirectInputEvents = YES;
				INFOPLIST_KEY_UILaunchStoryboardName = LaunchScreen;
				INFOPLIST_KEY_UISupportedInterfaceOrientations_iPad = "UIInterfaceOrientationPortrait UIInterfaceOrientationPortraitUpsideDown UIInterfaceOrientationLandscapeLeft UIInterfaceOrientationLandscapeRight";
				INFOPLIST_KEY_UISupportedInterfaceOrientations_iPhone = "UIInterfaceOrientationPortrait UIInterfaceOrientationLandscapeLeft UIInterfaceOrientationLandscapeRight";
				IPHONEOS_DEPLOYMENT_TARGET = 15.0;
				LD_RUNPATH_SEARCH_PATHS = (
					"$(inherited)",
					"@executable_path/Frameworks",
				);
				MARKETING_VERSION = 1.0;
				PRODUCT_BUNDLE_IDENTIFIER = com.barisdilekci.Afet;
				PRODUCT_NAME = "$(TARGET_NAME)";
				SWIFT_EMIT_LOC_STRINGS = YES;
				SWIFT_VERSION = 5.0;
				TARGETED_DEVICE_FAMILY = "1,2";
			};
			name = Debug;
		};
		6049A2E62A269875009FF525 /* Release */ = {
			isa = XCBuildConfiguration;
			buildSettings = {
				ASSETCATALOG_COMPILER_APPICON_NAME = AppIcon;
				ASSETCATALOG_COMPILER_GLOBAL_ACCENT_COLOR_NAME = AccentColor;
				CODE_SIGN_STYLE = Automatic;
				CURRENT_PROJECT_VERSION = 1;
				DEVELOPMENT_TEAM = WL3K4A7DH8;
				GENERATE_INFOPLIST_FILE = YES;
				INFOPLIST_FILE = Afet/Info.plist;
				INFOPLIST_KEY_UIApplicationSupportsIndirectInputEvents = YES;
				INFOPLIST_KEY_UILaunchStoryboardName = LaunchScreen;
				INFOPLIST_KEY_UISupportedInterfaceOrientations_iPad = "UIInterfaceOrientationPortrait UIInterfaceOrientationPortraitUpsideDown UIInterfaceOrientationLandscapeLeft UIInterfaceOrientationLandscapeRight";
				INFOPLIST_KEY_UISupportedInterfaceOrientations_iPhone = "UIInterfaceOrientationPortrait UIInterfaceOrientationLandscapeLeft UIInterfaceOrientationLandscapeRight";
				IPHONEOS_DEPLOYMENT_TARGET = 15.0;
				LD_RUNPATH_SEARCH_PATHS = (
					"$(inherited)",
					"@executable_path/Frameworks",
				);
				MARKETING_VERSION = 1.0;
				PRODUCT_BUNDLE_IDENTIFIER = com.barisdilekci.Afet;
				PRODUCT_NAME = "$(TARGET_NAME)";
				SWIFT_EMIT_LOC_STRINGS = YES;
				SWIFT_VERSION = 5.0;
				TARGETED_DEVICE_FAMILY = "1,2";
			};
			name = Release;
		};
/* End XCBuildConfiguration section */

/* Begin XCConfigurationList section */
		6049A2CB2A269874009FF525 /* Build configuration list for PBXProject "Afet" */ = {
			isa = XCConfigurationList;
			buildConfigurations = (
				6049A2E22A269875009FF525 /* Debug */,
				6049A2E32A269875009FF525 /* Release */,
			);
			defaultConfigurationIsVisible = 0;
			defaultConfigurationName = Release;
		};
		6049A2E42A269875009FF525 /* Build configuration list for PBXNativeTarget "Afet" */ = {
			isa = XCConfigurationList;
			buildConfigurations = (
				6049A2E52A269875009FF525 /* Debug */,
				6049A2E62A269875009FF525 /* Release */,
			);
			defaultConfigurationIsVisible = 0;
			defaultConfigurationName = Release;
		};
/* End XCConfigurationList section */

/* Begin XCRemoteSwiftPackageReference section */
		605314F12A27DE8500F42097 /* XCRemoteSwiftPackageReference "firebase-ios-sdk" */ = {
			isa = XCRemoteSwiftPackageReference;
			repositoryURL = "https://github.com/firebase/firebase-ios-sdk";
			requirement = {
				kind = upToNextMajorVersion;
				minimumVersion = 10.0.0;
			};
		};
/* End XCRemoteSwiftPackageReference section */

/* Begin XCSwiftPackageProductDependency section */
		605314F22A27DE8500F42097 /* FirebaseAuth */ = {
			isa = XCSwiftPackageProductDependency;
			package = 605314F12A27DE8500F42097 /* XCRemoteSwiftPackageReference "firebase-ios-sdk" */;
			productName = FirebaseAuth;
		};
		605314F42A27DE8500F42097 /* FirebaseDatabase */ = {
			isa = XCSwiftPackageProductDependency;
			package = 605314F12A27DE8500F42097 /* XCRemoteSwiftPackageReference "firebase-ios-sdk" */;
			productName = FirebaseDatabase;
		};
		605314F62A27DE8500F42097 /* FirebaseFirestore */ = {
			isa = XCSwiftPackageProductDependency;
			package = 605314F12A27DE8500F42097 /* XCRemoteSwiftPackageReference "firebase-ios-sdk" */;
			productName = FirebaseFirestore;
		};
		605314F82A27DE8500F42097 /* FirebaseStorage */ = {
			isa = XCSwiftPackageProductDependency;
			package = 605314F12A27DE8500F42097 /* XCRemoteSwiftPackageReference "firebase-ios-sdk" */;
			productName = FirebaseStorage;
		};
/* End XCSwiftPackageProductDependency section */
	};
	rootObject = 6049A2C82A269874009FF525 /* Project object */;
}
